
Microsoft Visual Studio Solution File, Format Version 12.00
# Visual Studio Version 17
VisualStudioVersion = 17.10.34928.147
MinimumVisualStudioVersion = 10.0.40219.1
Project("{FAE04EC0-301F-11D3-BF4B-00C04F79EFBC}") = "Heranca", "Heranca.csproj", "{15A34C95-CF4A-4EAC-9348-097001FA3138}"
EndProject
Global
	GlobalSection(SolutionConfigurationPlatforms) = preSolution
		Debug|Any CPU = Debug|Any CPU
		Release|Any CPU = Release|Any CPU
	EndGlobalSection
	GlobalSection(ProjectConfigurationPlatforms) = postSolution
		{15A34C95-CF4A-4EAC-9348-097001FA3138}.Debug|Any CPU.ActiveCfg = Debug|Any CPU
		{15A34C95-CF4A-4EAC-9348-097001FA3138}.Debug|Any CPU.Build.0 = Debug|Any CPU
		{15A34C95-CF4A-4EAC-9348-097001FA3138}.Release|Any CPU.ActiveCfg = Release|Any CPU
		{15A34C95-CF4A-4EAC-9348-097001FA3138}.Release|Any CPU.Build.0 = Release|Any CPU
	EndGlobalSection
	GlobalSection(SolutionProperties) = preSolution
		HideSolutionNode = FALSE
	EndGlobalSection
	GlobalSection(ExtensibilityGlobals) = postSolution
		SolutionGuid = {5DA8DC40-9A66-45A2-9AFA-E842459469D5}
	EndGlobalSection
EndGlobal
